
Microsoft Visual Studio Solution File, Format Version 12.00
# Visual Studio Version 16
VisualStudioVersion = 16.0.29209.62
MinimumVisualStudioVersion = 10.0.40219.1
Project("{888888A0-9F3D-457C-B088-3A5042F75D52}") = "TipeData_Tuple__PY", "TipeData_Tuple__PY.pyproj", "{D46C025C-3482-41A8-8BF8-4CBA62AE9DCA}"
EndProject
Global
	GlobalSection(SolutionConfigurationPlatforms) = preSolution
		Debug|Any CPU = Debug|Any CPU
		Release|Any CPU = Release|Any CPU
	EndGlobalSection
	GlobalSection(ProjectConfigurationPlatforms) = postSolution
		{D46C025C-3482-41A8-8BF8-4CBA62AE9DCA}.Debug|Any CPU.ActiveCfg = Debug|Any CPU
		{D46C025C-3482-41A8-8BF8-4CBA62AE9DCA}.Release|Any CPU.ActiveCfg = Release|Any CPU
	EndGlobalSection
	GlobalSection(SolutionProperties) = preSolution
		HideSolutionNode = FALSE
	EndGlobalSection
	GlobalSection(ExtensibilityGlobals) = postSolution
		SolutionGuid = {51A2854C-A18D-45AD-8A89-E7FF3BCE1CAA}
	EndGlobalSection
EndGlobal
